
Microsoft Visual Studio Solution File, Format Version 12.00
# Visual Studio Version 17
VisualStudioVersion = 17.8.34330.188
MinimumVisualStudioVersion = 10.0.40219.1
Project("{FAE04EC0-301F-11D3-BF4B-00C04F79EFBC}") = "ConsoleApp1", "ConsoleApp1.csproj", "{BF2A02E4-DFD4-4D4D-9292-BC7FA57A40A2}"
EndProject
Global
	GlobalSection(SolutionConfigurationPlatforms) = preSolution
		Debug|Any CPU = Debug|Any CPU
		Release|Any CPU = Release|Any CPU
	EndGlobalSection
	GlobalSection(ProjectConfigurationPlatforms) = postSolution
		{BF2A02E4-DFD4-4D4D-9292-BC7FA57A40A2}.Debug|Any CPU.ActiveCfg = Debug|Any CPU
		{BF2A02E4-DFD4-4D4D-9292-BC7FA57A40A2}.Debug|Any CPU.Build.0 = Debug|Any CPU
		{BF2A02E4-DFD4-4D4D-9292-BC7FA57A40A2}.Release|Any CPU.ActiveCfg = Release|Any CPU
		{BF2A02E4-DFD4-4D4D-9292-BC7FA57A40A2}.Release|Any CPU.Build.0 = Release|Any CPU
	EndGlobalSection
	GlobalSection(SolutionProperties) = preSolution
		HideSolutionNode = FALSE
	EndGlobalSection
	GlobalSection(ExtensibilityGlobals) = postSolution
		SolutionGuid = {EA6D076C-AB9E-4BB2-BC4E-8CF1DD29DE6C}
	EndGlobalSection
EndGlobal
