
Microsoft Visual Studio Solution File, Format Version 12.00
# Visual Studio Version 17
VisualStudioVersion = 17.8.34322.80
MinimumVisualStudioVersion = 10.0.40219.1
Project("{8BC9CEB8-8B4A-11D0-8D11-00A0C91BC942}") = "program", "program.vcxproj", "{F18BC600-B9DF-4E7B-9A96-2D830B175136}"
EndProject
Project("{8BC9CEB8-8B4A-11D0-8D11-00A0C91BC942}") = "Class1th", "..\Class1th\Class1th.vcxproj", "{EF86F909-50FE-4805-93DF-2AA7CD22C8BA}"
EndProject
Project("{8BC9CEB8-8B4A-11D0-8D11-00A0C91BC942}") = "Class2th", "..\Class2th\Class2th.vcxproj", "{360A81E2-E2DF-4424-A03C-6D1048105223}"
EndProject
Project("{8BC9CEB8-8B4A-11D0-8D11-00A0C91BC942}") = "Class3th", "..\class3th\class3th.vcxproj", "{CCDA8E11-5B49-4790-B55F-FF8D791EC80E}"
EndProject
Project("{8BC9CEB8-8B4A-11D0-8D11-00A0C91BC942}") = "Class4th", "..\Classe 4th\Classe 4th.vcxproj", "{9C25E9B2-2A59-41B1-8CA3-E294EBFB7D3F}"
EndProject
Project("{8BC9CEB8-8B4A-11D0-8D11-00A0C91BC942}") = "Class5th", "..\Class5th\Class5th.vcxproj", "{9824C460-BD2E-48F2-B421-81F4B9D7DDA0}"
EndProject
Project("{8BC9CEB8-8B4A-11D0-8D11-00A0C91BC942}") = "Class6th", "..\Class6th\Class6th.vcxproj", "{E44B6147-9EE6-4DD3-A567-DB4F6DA02922}"
EndProject
Project("{8BC9CEB8-8B4A-11D0-8D11-00A0C91BC942}") = "Class7th", "..\Class7th\Class7th.vcxproj", "{0F9CD4F0-66FA-4E72-AF3C-C17688C18AF4}"
EndProject
Global
	GlobalSection(SolutionConfigurationPlatforms) = preSolution
		Debug|x64 = Debug|x64
		Debug|x86 = Debug|x86
		Release|x64 = Release|x64
		Release|x86 = Release|x86
	EndGlobalSection
	GlobalSection(ProjectConfigurationPlatforms) = postSolution
		{F18BC600-B9DF-4E7B-9A96-2D830B175136}.Debug|x64.ActiveCfg = Debug|x64
		{F18BC600-B9DF-4E7B-9A96-2D830B175136}.Debug|x64.Build.0 = Debug|x64
		{F18BC600-B9DF-4E7B-9A96-2D830B175136}.Debug|x86.ActiveCfg = Debug|Win32
		{F18BC600-B9DF-4E7B-9A96-2D830B175136}.Debug|x86.Build.0 = Debug|Win32
		{F18BC600-B9DF-4E7B-9A96-2D830B175136}.Release|x64.ActiveCfg = Release|x64
		{F18BC600-B9DF-4E7B-9A96-2D830B175136}.Release|x64.Build.0 = Release|x64
		{F18BC600-B9DF-4E7B-9A96-2D830B175136}.Release|x86.ActiveCfg = Release|Win32
		{F18BC600-B9DF-4E7B-9A96-2D830B175136}.Release|x86.Build.0 = Release|Win32
		{EF86F909-50FE-4805-93DF-2AA7CD22C8BA}.Debug|x64.ActiveCfg = Debug|x64
		{EF86F909-50FE-4805-93DF-2AA7CD22C8BA}.Debug|x64.Build.0 = Debug|x64
		{EF86F909-50FE-4805-93DF-2AA7CD22C8BA}.Debug|x86.ActiveCfg = Debug|Win32
		{EF86F909-50FE-4805-93DF-2AA7CD22C8BA}.Debug|x86.Build.0 = Debug|Win32
		{EF86F909-50FE-4805-93DF-2AA7CD22C8BA}.Release|x64.ActiveCfg = Release|x64
		{EF86F909-50FE-4805-93DF-2AA7CD22C8BA}.Release|x64.Build.0 = Release|x64
		{EF86F909-50FE-4805-93DF-2AA7CD22C8BA}.Release|x86.ActiveCfg = Release|Win32
		{EF86F909-50FE-4805-93DF-2AA7CD22C8BA}.Release|x86.Build.0 = Release|Win32
		{360A81E2-E2DF-4424-A03C-6D1048105223}.Debug|x64.ActiveCfg = Debug|x64
		{360A81E2-E2DF-4424-A03C-6D1048105223}.Debug|x64.Build.0 = Debug|x64
		{360A81E2-E2DF-4424-A03C-6D1048105223}.Debug|x86.ActiveCfg = Debug|Win32
		{360A81E2-E2DF-4424-A03C-6D1048105223}.Debug|x86.Build.0 = Debug|Win32
		{360A81E2-E2DF-4424-A03C-6D1048105223}.Release|x64.ActiveCfg = Release|x64
		{360A81E2-E2DF-4424-A03C-6D1048105223}.Release|x64.Build.0 = Release|x64
		{360A81E2-E2DF-4424-A03C-6D1048105223}.Release|x86.ActiveCfg = Release|Win32
		{360A81E2-E2DF-4424-A03C-6D1048105223}.Release|x86.Build.0 = Release|Win32
		{CCDA8E11-5B49-4790-B55F-FF8D791EC80E}.Debug|x64.ActiveCfg = Debug|x64
		{CCDA8E11-5B49-4790-B55F-FF8D791EC80E}.Debug|x64.Build.0 = Debug|x64
		{CCDA8E11-5B49-4790-B55F-FF8D791EC80E}.Debug|x86.ActiveCfg = Debug|Win32
		{CCDA8E11-5B49-4790-B55F-FF8D791EC80E}.Debug|x86.Build.0 = Debug|Win32
		{CCDA8E11-5B49-4790-B55F-FF8D791EC80E}.Release|x64.ActiveCfg = Release|x64
		{CCDA8E11-5B49-4790-B55F-FF8D791EC80E}.Release|x64.Build.0 = Release|x64
		{CCDA8E11-5B49-4790-B55F-FF8D791EC80E}.Release|x86.ActiveCfg = Release|Win32
		{CCDA8E11-5B49-4790-B55F-FF8D791EC80E}.Release|x86.Build.0 = Release|Win32
		{9C25E9B2-2A59-41B1-8CA3-E294EBFB7D3F}.Debug|x64.ActiveCfg = Debug|x64
		{9C25E9B2-2A59-41B1-8CA3-E294EBFB7D3F}.Debug|x64.Build.0 = Debug|x64
		{9C25E9B2-2A59-41B1-8CA3-E294EBFB7D3F}.Debug|x86.ActiveCfg = Debug|Win32
		{9C25E9B2-2A59-41B1-8CA3-E294EBFB7D3F}.Debug|x86.Build.0 = Debug|Win32
		{9C25E9B2-2A59-41B1-8CA3-E294EBFB7D3F}.Release|x64.ActiveCfg = Release|x64
		{9C25E9B2-2A59-41B1-8CA3-E294EBFB7D3F}.Release|x64.Build.0 = Release|x64
		{9C25E9B2-2A59-41B1-8CA3-E294EBFB7D3F}.Release|x86.ActiveCfg = Release|Win32
		{9C25E9B2-2A59-41B1-8CA3-E294EBFB7D3F}.Release|x86.Build.0 = Release|Win32
		{9824C460-BD2E-48F2-B421-81F4B9D7DDA0}.Debug|x64.ActiveCfg = Debug|x64
		{9824C460-BD2E-48F2-B421-81F4B9D7DDA0}.Debug|x64.Build.0 = Debug|x64
		{9824C460-BD2E-48F2-B421-81F4B9D7DDA0}.Debug|x86.ActiveCfg = Debug|Win32
		{9824C460-BD2E-48F2-B421-81F4B9D7DDA0}.Debug|x86.Build.0 = Debug|Win32
		{9824C460-BD2E-48F2-B421-81F4B9D7DDA0}.Release|x64.ActiveCfg = Release|x64
		{9824C460-BD2E-48F2-B421-81F4B9D7DDA0}.Release|x64.Build.0 = Release|x64
		{9824C460-BD2E-48F2-B421-81F4B9D7DDA0}.Release|x86.ActiveCfg = Release|Win32
		{9824C460-BD2E-48F2-B421-81F4B9D7DDA0}.Release|x86.Build.0 = Release|Win32
		{E44B6147-9EE6-4DD3-A567-DB4F6DA02922}.Debug|x64.ActiveCfg = Debug|x64
		{E44B6147-9EE6-4DD3-A567-DB4F6DA02922}.Debug|x64.Build.0 = Debug|x64
		{E44B6147-9EE6-4DD3-A567-DB4F6DA02922}.Debug|x86.ActiveCfg = Debug|Win32
		{E44B6147-9EE6-4DD3-A567-DB4F6DA02922}.Debug|x86.Build.0 = Debug|Win32
		{E44B6147-9EE6-4DD3-A567-DB4F6DA02922}.Release|x64.ActiveCfg = Release|x64
		{E44B6147-9EE6-4DD3-A567-DB4F6DA02922}.Release|x64.Build.0 = Release|x64
		{E44B6147-9EE6-4DD3-A567-DB4F6DA02922}.Release|x86.ActiveCfg = Release|Win32
		{E44B6147-9EE6-4DD3-A567-DB4F6DA02922}.Release|x86.Build.0 = Release|Win32
		{0F9CD4F0-66FA-4E72-AF3C-C17688C18AF4}.Debug|x64.ActiveCfg = Debug|x64
		{0F9CD4F0-66FA-4E72-AF3C-C17688C18AF4}.Debug|x64.Build.0 = Debug|x64
		{0F9CD4F0-66FA-4E72-AF3C-C17688C18AF4}.Debug|x86.ActiveCfg = Debug|Win32
		{0F9CD4F0-66FA-4E72-AF3C-C17688C18AF4}.Debug|x86.Build.0 = Debug|Win32
		{0F9CD4F0-66FA-4E72-AF3C-C17688C18AF4}.Release|x64.ActiveCfg = Release|x64
		{0F9CD4F0-66FA-4E72-AF3C-C17688C18AF4}.Release|x64.Build.0 = Release|x64
		{0F9CD4F0-66FA-4E72-AF3C-C17688C18AF4}.Release|x86.ActiveCfg = Release|Win32
		{0F9CD4F0-66FA-4E72-AF3C-C17688C18AF4}.Release|x86.Build.0 = Release|Win32
	EndGlobalSection
	GlobalSection(SolutionProperties) = preSolution
		HideSolutionNode = FALSE
	EndGlobalSection
	GlobalSection(ExtensibilityGlobals) = postSolution
		SolutionGuid = {0ED62ED3-8E0C-4331-9F0C-3FE390542128}
	EndGlobalSection
EndGlobal
